{
  "lockfileVersion": 1,
  "dependencies": {
    "less-brush": {
      "version": "0.1.1",
      "resolved": "https://registry.npmjs.org/less-brush/-/less-brush-0.1.1.tgz",
      "integrity": "sha512-vk454mKAFF3Nv2SaQoH6tJqcQcI760nwrMSfkB1VPZoUcOIFw+yNFHPen7GVoNf7vjqTgPMMShqVKal1ztT3xQ=="
    }
  }
}
